
Microsoft Visual Studio Solution File, Format Version 12.00
# Visual Studio Version 16
VisualStudioVersion = 16.0.29911.84
MinimumVisualStudioVersion = 10.0.40219.1
Project("{FAE04EC0-301F-11D3-BF4B-00C04F79EFBC}") = "AzureADAuthModule", "AzureADAuthModule.csproj", "{1D68E2C9-4848-4C33-816D-33947C7DA12F}"
EndProject
Global
	GlobalSection(SolutionConfigurationPlatforms) = preSolution
		Debug|Any CPU = Debug|Any CPU
		Release|Any CPU = Release|Any CPU
	EndGlobalSection
	GlobalSection(ProjectConfigurationPlatforms) = postSolution
		{1D68E2C9-4848-4C33-816D-33947C7DA12F}.Debug|Any CPU.ActiveCfg = Debug|Any CPU
		{1D68E2C9-4848-4C33-816D-33947C7DA12F}.Debug|Any CPU.Build.0 = Debug|Any CPU
		{1D68E2C9-4848-4C33-816D-33947C7DA12F}.Release|Any CPU.ActiveCfg = Release|Any CPU
		{1D68E2C9-4848-4C33-816D-33947C7DA12F}.Release|Any CPU.Build.0 = Release|Any CPU
	EndGlobalSection
	GlobalSection(SolutionProperties) = preSolution
		HideSolutionNode = FALSE
	EndGlobalSection
	GlobalSection(ExtensibilityGlobals) = postSolution
		SolutionGuid = {B26D2F37-ADC4-402D-90A9-153566999A5D}
	EndGlobalSection
EndGlobal
